{
    "_meta": {
        "hash": {
            "sha256": "80b985d283861dd5e6826714a969097508f86885e11293f93aa086f43aae6674"
        },
        "pipfile-spec": 6,
        "requires": {
            "python_full_version": "3.8.13"
        },
        "sources": [
            {
                "name": "pypi",
                "url": "https://pypi.org/simple",
                "verify_ssl": true
            }
        ]
    },
    "default": {},
    "develop": {}
}
